
Microsoft Visual Studio Solution File, Format Version 12.00
# Visual Studio Version 17
VisualStudioVersion = 17.9.34728.123
MinimumVisualStudioVersion = 10.0.40219.1
Project("{8BC9CEB8-8B4A-11D0-8D11-00A0C91BC942}") = "quakespasm", "quakespasm.vcxproj", "{C0F747A3-D796-4EC0-BF2A-53722CAA3B6A}"
EndProject
Project("{8BC9CEB8-8B4A-11D0-8D11-00A0C91BC942}") = "quakespasm-sdl2", "quakespasm-sdl2.vcxproj", "{AE77266F-0A23-4F08-A491-369DE664B273}"
EndProject
Project("{8BC9CEB8-8B4A-11D0-8D11-00A0C91BC942}") = "libuwp", "..\libuwp\libuwp.vcxproj", "{EBFF738E-CF1C-4F2B-A484-E9F602397208}"
EndProject
Project("{8BC9CEB8-8B4A-11D0-8D11-00A0C91BC942}") = "uwp", "..\uwp\uwp.vcxproj", "{4D53D6D1-E1E7-4824-BFFB-C0B114BCD549}"
EndProject
Global
	GlobalSection(SolutionConfigurationPlatforms) = preSolution
		Debug|ARM = Debug|ARM
		Debug|ARM64 = Debug|ARM64
		Debug|Win32 = Debug|Win32
		Debug|x64 = Debug|x64
		Release|ARM = Release|ARM
		Release|ARM64 = Release|ARM64
		Release|Win32 = Release|Win32
		Release|x64 = Release|x64
	EndGlobalSection
	GlobalSection(ProjectConfigurationPlatforms) = postSolution
		{C0F747A3-D796-4EC0-BF2A-53722CAA3B6A}.Debug|ARM.ActiveCfg = Debug|x64
		{C0F747A3-D796-4EC0-BF2A-53722CAA3B6A}.Debug|ARM.Build.0 = Debug|x64
		{C0F747A3-D796-4EC0-BF2A-53722CAA3B6A}.Debug|ARM64.ActiveCfg = Debug|x64
		{C0F747A3-D796-4EC0-BF2A-53722CAA3B6A}.Debug|ARM64.Build.0 = Debug|x64
		{C0F747A3-D796-4EC0-BF2A-53722CAA3B6A}.Debug|Win32.ActiveCfg = Debug|Win32
		{C0F747A3-D796-4EC0-BF2A-53722CAA3B6A}.Debug|Win32.Build.0 = Debug|Win32
		{C0F747A3-D796-4EC0-BF2A-53722CAA3B6A}.Debug|x64.ActiveCfg = Debug|x64
		{C0F747A3-D796-4EC0-BF2A-53722CAA3B6A}.Debug|x64.Build.0 = Debug|x64
		{C0F747A3-D796-4EC0-BF2A-53722CAA3B6A}.Release|ARM.ActiveCfg = Release|x64
		{C0F747A3-D796-4EC0-BF2A-53722CAA3B6A}.Release|ARM.Build.0 = Release|x64
		{C0F747A3-D796-4EC0-BF2A-53722CAA3B6A}.Release|ARM64.ActiveCfg = Release|x64
		{C0F747A3-D796-4EC0-BF2A-53722CAA3B6A}.Release|ARM64.Build.0 = Release|x64
		{C0F747A3-D796-4EC0-BF2A-53722CAA3B6A}.Release|Win32.ActiveCfg = Release|Win32
		{C0F747A3-D796-4EC0-BF2A-53722CAA3B6A}.Release|Win32.Build.0 = Release|Win32
		{C0F747A3-D796-4EC0-BF2A-53722CAA3B6A}.Release|x64.ActiveCfg = Release|x64
		{C0F747A3-D796-4EC0-BF2A-53722CAA3B6A}.Release|x64.Build.0 = Release|x64
		{AE77266F-0A23-4F08-A491-369DE664B273}.Debug|ARM.ActiveCfg = Debug|x64
		{AE77266F-0A23-4F08-A491-369DE664B273}.Debug|ARM.Build.0 = Debug|x64
		{AE77266F-0A23-4F08-A491-369DE664B273}.Debug|ARM64.ActiveCfg = Debug|x64
		{AE77266F-0A23-4F08-A491-369DE664B273}.Debug|ARM64.Build.0 = Debug|x64
		{AE77266F-0A23-4F08-A491-369DE664B273}.Debug|Win32.ActiveCfg = Debug|Win32
		{AE77266F-0A23-4F08-A491-369DE664B273}.Debug|Win32.Build.0 = Debug|Win32
		{AE77266F-0A23-4F08-A491-369DE664B273}.Debug|x64.ActiveCfg = Debug|x64
		{AE77266F-0A23-4F08-A491-369DE664B273}.Debug|x64.Build.0 = Debug|x64
		{AE77266F-0A23-4F08-A491-369DE664B273}.Release|ARM.ActiveCfg = Release|x64
		{AE77266F-0A23-4F08-A491-369DE664B273}.Release|ARM.Build.0 = Release|x64
		{AE77266F-0A23-4F08-A491-369DE664B273}.Release|ARM64.ActiveCfg = Release|x64
		{AE77266F-0A23-4F08-A491-369DE664B273}.Release|ARM64.Build.0 = Release|x64
		{AE77266F-0A23-4F08-A491-369DE664B273}.Release|Win32.ActiveCfg = Release|Win32
		{AE77266F-0A23-4F08-A491-369DE664B273}.Release|Win32.Build.0 = Release|Win32
		{AE77266F-0A23-4F08-A491-369DE664B273}.Release|x64.ActiveCfg = Release|x64
		{AE77266F-0A23-4F08-A491-369DE664B273}.Release|x64.Build.0 = Release|x64
		{EBFF738E-CF1C-4F2B-A484-E9F602397208}.Debug|ARM.ActiveCfg = Debug|ARM
		{EBFF738E-CF1C-4F2B-A484-E9F602397208}.Debug|ARM.Build.0 = Debug|ARM
		{EBFF738E-CF1C-4F2B-A484-E9F602397208}.Debug|ARM64.ActiveCfg = Debug|x64
		{EBFF738E-CF1C-4F2B-A484-E9F602397208}.Debug|ARM64.Build.0 = Debug|x64
		{EBFF738E-CF1C-4F2B-A484-E9F602397208}.Debug|Win32.ActiveCfg = Debug|Win32
		{EBFF738E-CF1C-4F2B-A484-E9F602397208}.Debug|Win32.Build.0 = Debug|Win32
		{EBFF738E-CF1C-4F2B-A484-E9F602397208}.Debug|x64.ActiveCfg = Debug|x64
		{EBFF738E-CF1C-4F2B-A484-E9F602397208}.Debug|x64.Build.0 = Debug|x64
		{EBFF738E-CF1C-4F2B-A484-E9F602397208}.Release|ARM.ActiveCfg = Release|ARM
		{EBFF738E-CF1C-4F2B-A484-E9F602397208}.Release|ARM.Build.0 = Release|ARM
		{EBFF738E-CF1C-4F2B-A484-E9F602397208}.Release|ARM64.ActiveCfg = Release|x64
		{EBFF738E-CF1C-4F2B-A484-E9F602397208}.Release|ARM64.Build.0 = Release|x64
		{EBFF738E-CF1C-4F2B-A484-E9F602397208}.Release|Win32.ActiveCfg = Release|Win32
		{EBFF738E-CF1C-4F2B-A484-E9F602397208}.Release|Win32.Build.0 = Release|Win32
		{EBFF738E-CF1C-4F2B-A484-E9F602397208}.Release|x64.ActiveCfg = Release|x64
		{EBFF738E-CF1C-4F2B-A484-E9F602397208}.Release|x64.Build.0 = Release|x64
		{4D53D6D1-E1E7-4824-BFFB-C0B114BCD549}.Debug|ARM.ActiveCfg = Debug|ARM
		{4D53D6D1-E1E7-4824-BFFB-C0B114BCD549}.Debug|ARM.Build.0 = Debug|ARM
		{4D53D6D1-E1E7-4824-BFFB-C0B114BCD549}.Debug|ARM.Deploy.0 = Debug|ARM
		{4D53D6D1-E1E7-4824-BFFB-C0B114BCD549}.Debug|ARM64.ActiveCfg = Debug|ARM64
		{4D53D6D1-E1E7-4824-BFFB-C0B114BCD549}.Debug|ARM64.Build.0 = Debug|ARM64
		{4D53D6D1-E1E7-4824-BFFB-C0B114BCD549}.Debug|ARM64.Deploy.0 = Debug|ARM64
		{4D53D6D1-E1E7-4824-BFFB-C0B114BCD549}.Debug|Win32.ActiveCfg = Debug|Win32
		{4D53D6D1-E1E7-4824-BFFB-C0B114BCD549}.Debug|Win32.Build.0 = Debug|Win32
		{4D53D6D1-E1E7-4824-BFFB-C0B114BCD549}.Debug|Win32.Deploy.0 = Debug|Win32
		{4D53D6D1-E1E7-4824-BFFB-C0B114BCD549}.Debug|x64.ActiveCfg = Debug|x64
		{4D53D6D1-E1E7-4824-BFFB-C0B114BCD549}.Debug|x64.Build.0 = Debug|x64
		{4D53D6D1-E1E7-4824-BFFB-C0B114BCD549}.Debug|x64.Deploy.0 = Debug|x64
		{4D53D6D1-E1E7-4824-BFFB-C0B114BCD549}.Release|ARM.ActiveCfg = Release|ARM
		{4D53D6D1-E1E7-4824-BFFB-C0B114BCD549}.Release|ARM.Build.0 = Release|ARM
		{4D53D6D1-E1E7-4824-BFFB-C0B114BCD549}.Release|ARM.Deploy.0 = Release|ARM
		{4D53D6D1-E1E7-4824-BFFB-C0B114BCD549}.Release|ARM64.ActiveCfg = Release|ARM64
		{4D53D6D1-E1E7-4824-BFFB-C0B114BCD549}.Release|ARM64.Build.0 = Release|ARM64
		{4D53D6D1-E1E7-4824-BFFB-C0B114BCD549}.Release|ARM64.Deploy.0 = Release|ARM64
		{4D53D6D1-E1E7-4824-BFFB-C0B114BCD549}.Release|Win32.ActiveCfg = Release|Win32
		{4D53D6D1-E1E7-4824-BFFB-C0B114BCD549}.Release|Win32.Build.0 = Release|Win32
		{4D53D6D1-E1E7-4824-BFFB-C0B114BCD549}.Release|Win32.Deploy.0 = Release|Win32
		{4D53D6D1-E1E7-4824-BFFB-C0B114BCD549}.Release|x64.ActiveCfg = Release|x64
		{4D53D6D1-E1E7-4824-BFFB-C0B114BCD549}.Release|x64.Build.0 = Release|x64
		{4D53D6D1-E1E7-4824-BFFB-C0B114BCD549}.Release|x64.Deploy.0 = Release|x64
	EndGlobalSection
	GlobalSection(SolutionProperties) = preSolution
		HideSolutionNode = FALSE
	EndGlobalSection
	GlobalSection(ExtensibilityGlobals) = postSolution
		SolutionGuid = {783CC3FE-3AF2-4FAF-923D-4F0B90244E88}
	EndGlobalSection
EndGlobal
